
Microsoft Visual Studio Solution File, Format Version 12.00
# Visual Studio 2012
Project("{FAE04EC0-301F-11D3-BF4B-00C04F79EFBC}") = "dxx-plr-editor", "dxx-plr-editor\dxx-plr-editor.csproj", "{7D1235AB-BCF1-458B-A43D-04A9192D890F}"
EndProject
Global
	GlobalSection(SolutionConfigurationPlatforms) = preSolution
		Debug|x86 = Debug|x86
		Release|x86 = Release|x86
	EndGlobalSection
	GlobalSection(ProjectConfigurationPlatforms) = postSolution
		{7D1235AB-BCF1-458B-A43D-04A9192D890F}.Debug|x86.ActiveCfg = Debug|x86
		{7D1235AB-BCF1-458B-A43D-04A9192D890F}.Debug|x86.Build.0 = Debug|x86
		{7D1235AB-BCF1-458B-A43D-04A9192D890F}.Release|x86.ActiveCfg = Release|x86
		{7D1235AB-BCF1-458B-A43D-04A9192D890F}.Release|x86.Build.0 = Release|x86
	EndGlobalSection
EndGlobal
